
Microsoft Visual Studio Solution File, Format Version 12.00
# Visual Studio Version 16
VisualStudioVersion = 16.0.30717.126
MinimumVisualStudioVersion = 10.0.40219.1
Project("{FAE04EC0-301F-11D3-BF4B-00C04F79EFBC}") = "iquea", "iquea.csproj", "{5D8F93FC-9F83-4BFF-885E-0C86E4E8A719}"
EndProject
Global
	GlobalSection(SolutionConfigurationPlatforms) = preSolution
		Debug|Any CPU = Debug|Any CPU
		Release|Any CPU = Release|Any CPU
	EndGlobalSection
	GlobalSection(ProjectConfigurationPlatforms) = postSolution
		{5D8F93FC-9F83-4BFF-885E-0C86E4E8A719}.Debug|Any CPU.ActiveCfg = Debug|Any CPU
		{5D8F93FC-9F83-4BFF-885E-0C86E4E8A719}.Debug|Any CPU.Build.0 = Debug|Any CPU
		{5D8F93FC-9F83-4BFF-885E-0C86E4E8A719}.Release|Any CPU.ActiveCfg = Release|Any CPU
		{5D8F93FC-9F83-4BFF-885E-0C86E4E8A719}.Release|Any CPU.Build.0 = Release|Any CPU
	EndGlobalSection
	GlobalSection(SolutionProperties) = preSolution
		HideSolutionNode = FALSE
	EndGlobalSection
	GlobalSection(ExtensibilityGlobals) = postSolution
		SolutionGuid = {A128E4E4-7CE1-4369-9FAD-72CD901BD837}
	EndGlobalSection
EndGlobal
